// !$*UTF8*$!
{
	archiveVersion = 1;
	classes = {
	};
	objectVersion = 56;
	objects = {

/* Begin PBXBuildFile section */
		260162A129475A7300D94686 /* MovieDetailView.swift in Sources */ = {isa = PBXBuildFile; fileRef = 260162A029475A7300D94686 /* MovieDetailView.swift */; };
		2610E562294798FA00F75469 /* MovieDetailViewModel.swift in Sources */ = {isa = PBXBuildFile; fileRef = 2610E561294798FA00F75469 /* MovieDetailViewModel.swift */; };
		2610E5652948C38400F75469 /* MovieDetailDataModel.swift in Sources */ = {isa = PBXBuildFile; fileRef = 2610E5642948C38400F75469 /* MovieDetailDataModel.swift */; };
		2610E5672948D1F200F75469 /* MovieDetailRequest.swift in Sources */ = {isa = PBXBuildFile; fileRef = 2610E5662948D1F200F75469 /* MovieDetailRequest.swift */; };
		2610E5692948EC2900F75469 /* Optional.swift in Sources */ = {isa = PBXBuildFile; fileRef = 2610E5682948EC2900F75469 /* Optional.swift */; };
		26115C50294744120097EAFA /* InTheatresMoviesCollectionViewCell.xib in Resources */ = {isa = PBXBuildFile; fileRef = 26115C4F294744120097EAFA /* InTheatresMoviesCollectionViewCell.xib */; };
		26225B9E2947436F00E600E7 /* PopularMoviesCollectionViewCell.swift in Sources */ = {isa = PBXBuildFile; fileRef = 26225B9C2947436F00E600E7 /* PopularMoviesCollectionViewCell.swift */; };
		26225B9F2947436F00E600E7 /* PopularMoviesCollectionViewCell.xib in Resources */ = {isa = PBXBuildFile; fileRef = 26225B9D2947436F00E600E7 /* PopularMoviesCollectionViewCell.xib */; };
		262591F6294B6F1100C0B1EB /* SDWebImage in Frameworks */ = {isa = PBXBuildFile; productRef = 262591F5294B6F1100C0B1EB /* SDWebImage */; };
		262591FC294B70E600C0B1EB /* SDWebImageSwiftUI in Frameworks */ = {isa = PBXBuildFile; productRef = 262591FB294B70E600C0B1EB /* SDWebImageSwiftUI */; };
		262591FE294B8BF900C0B1EB /* MovieDetailImageView.swift in Sources */ = {isa = PBXBuildFile; fileRef = 262591FD294B8BF900C0B1EB /* MovieDetailImageView.swift */; };
		26259200294B8C0900C0B1EB /* MovieDetailDescriptionView.swift in Sources */ = {isa = PBXBuildFile; fileRef = 262591FF294B8C0900C0B1EB /* MovieDetailDescriptionView.swift */; };
		26259202294B941500C0B1EB /* MoviewDetailPlotView.swift in Sources */ = {isa = PBXBuildFile; fileRef = 26259201294B941500C0B1EB /* MoviewDetailPlotView.swift */; };
		26259204294B942B00C0B1EB /* MovieDetailCastView.swift in Sources */ = {isa = PBXBuildFile; fileRef = 26259203294B942B00C0B1EB /* MovieDetailCastView.swift */; };
		2625920D294C749300C0B1EB /* ShowsView.swift in Sources */ = {isa = PBXBuildFile; fileRef = 2625920C294C749300C0B1EB /* ShowsView.swift */; };
		26259214294C758400C0B1EB /* ShowsDataModel.swift in Sources */ = {isa = PBXBuildFile; fileRef = 26259213294C758400C0B1EB /* ShowsDataModel.swift */; };
		26259216294C768A00C0B1EB /* ShowsViewModel.swift in Sources */ = {isa = PBXBuildFile; fileRef = 26259215294C768A00C0B1EB /* ShowsViewModel.swift */; };
		26259218294C776E00C0B1EB /* ShowsRequest.swift in Sources */ = {isa = PBXBuildFile; fileRef = 26259217294C776E00C0B1EB /* ShowsRequest.swift */; };
		2625921B294C836400C0B1EB /* PlaceholderImage.swift in Sources */ = {isa = PBXBuildFile; fileRef = 2625921A294C836400C0B1EB /* PlaceholderImage.swift */; };
		2625921F294CEFDC00C0B1EB /* ShowsRowItemView.swift in Sources */ = {isa = PBXBuildFile; fileRef = 2625921E294CEFDC00C0B1EB /* ShowsRowItemView.swift */; };
		26259221294CEFF200C0B1EB /* ShowsImageView.swift in Sources */ = {isa = PBXBuildFile; fileRef = 26259220294CEFF200C0B1EB /* ShowsImageView.swift */; };
		26259223294CF00700C0B1EB /* ShowsDescriptionView.swift in Sources */ = {isa = PBXBuildFile; fileRef = 26259222294CF00700C0B1EB /* ShowsDescriptionView.swift */; };
		26445E37294A2D51009372F8 /* Image.swift in Sources */ = {isa = PBXBuildFile; fileRef = 26445E36294A2D51009372F8 /* Image.swift */; };
		264CECDE293B754A0095EA32 /* SwiftHEXColors in Frameworks */ = {isa = PBXBuildFile; productRef = 264CECDD293B754A0095EA32 /* SwiftHEXColors */; };
		264CECE1293CF1780095EA32 /* NetworkService.swift in Sources */ = {isa = PBXBuildFile; fileRef = 264CECE0293CF1780095EA32 /* NetworkService.swift */; };
		264CECE4293D05800095EA32 /* Alamofire in Frameworks */ = {isa = PBXBuildFile; productRef = 264CECE3293D05800095EA32 /* Alamofire */; };
		264CECE6293D06710095EA32 /* DataRequest.swift in Sources */ = {isa = PBXBuildFile; fileRef = 264CECE5293D06710095EA32 /* DataRequest.swift */; };
		264CECE8293D0AE70095EA32 /* InTheatresMoviesRequest.swift in Sources */ = {isa = PBXBuildFile; fileRef = 264CECE7293D0AE70095EA32 /* InTheatresMoviesRequest.swift */; };
		264CECEB293D3C530095EA32 /* InTheatresMoviesDataModel.swift in Sources */ = {isa = PBXBuildFile; fileRef = 264CECEA293D3C530095EA32 /* InTheatresMoviesDataModel.swift */; };
		2652956029A4FB4A001849AB /* URLPath.swift in Sources */ = {isa = PBXBuildFile; fileRef = 2652955F29A4FB4A001849AB /* URLPath.swift */; };
		265993F42939127F005149BF /* AppDelegate.swift in Sources */ = {isa = PBXBuildFile; fileRef = 265993F32939127F005149BF /* AppDelegate.swift */; };
		265993F62939127F005149BF /* SceneDelegate.swift in Sources */ = {isa = PBXBuildFile; fileRef = 265993F52939127F005149BF /* SceneDelegate.swift */; };
		265993F82939127F005149BF /* MoviesViewController.swift in Sources */ = {isa = PBXBuildFile; fileRef = 265993F72939127F005149BF /* MoviesViewController.swift */; };
		265993FB2939127F005149BF /* Main.storyboard in Resources */ = {isa = PBXBuildFile; fileRef = 265993F92939127F005149BF /* Main.storyboard */; };
		265993FD29391281005149BF /* Assets.xcassets in Resources */ = {isa = PBXBuildFile; fileRef = 265993FC29391281005149BF /* Assets.xcassets */; };
		2659940029391281005149BF /* LaunchScreen.storyboard in Resources */ = {isa = PBXBuildFile; fileRef = 265993FE29391281005149BF /* LaunchScreen.storyboard */; };
		2659940C2939345B005149BF /* AppCoordinator.swift in Sources */ = {isa = PBXBuildFile; fileRef = 2659940B2939345B005149BF /* AppCoordinator.swift */; };
		2659940E29393633005149BF /* Coordinator.swift in Sources */ = {isa = PBXBuildFile; fileRef = 2659940D29393633005149BF /* Coordinator.swift */; };
		2659941029394478005149BF /* MoviesCoordinator.swift in Sources */ = {isa = PBXBuildFile; fileRef = 2659940F29394478005149BF /* MoviesCoordinator.swift */; };
		26599412293944A2005149BF /* ShowsCoordinator.swift in Sources */ = {isa = PBXBuildFile; fileRef = 26599411293944A2005149BF /* ShowsCoordinator.swift */; };
		2659941429394BA7005149BF /* TabBarController.swift in Sources */ = {isa = PBXBuildFile; fileRef = 2659941329394BA7005149BF /* TabBarController.swift */; };
		26599417293A86AA005149BF /* UIViewController.swift in Sources */ = {isa = PBXBuildFile; fileRef = 26599416293A86AA005149BF /* UIViewController.swift */; };
		26982C87294D1CAC00E5E1A6 /* ShowsHostingViewController.swift in Sources */ = {isa = PBXBuildFile; fileRef = 26982C86294D1CAC00E5E1A6 /* ShowsHostingViewController.swift */; };
		26982CA2294DC73700E5E1A6 /* MovieDetailViewModelTests.swift in Sources */ = {isa = PBXBuildFile; fileRef = 26982CA1294DC73700E5E1A6 /* MovieDetailViewModelTests.swift */; };
		26982CA8294DC81B00E5E1A6 /* MovieDetailViewModel.swift in Sources */ = {isa = PBXBuildFile; fileRef = 2610E561294798FA00F75469 /* MovieDetailViewModel.swift */; };
		26982CA9294DC85B00E5E1A6 /* NetworkService.swift in Sources */ = {isa = PBXBuildFile; fileRef = 264CECE0293CF1780095EA32 /* NetworkService.swift */; };
		26982CAA294DC88F00E5E1A6 /* MovieDetailDataModel.swift in Sources */ = {isa = PBXBuildFile; fileRef = 2610E5642948C38400F75469 /* MovieDetailDataModel.swift */; };
		26982CAB294DCE2C00E5E1A6 /* MovieDetailRequest.swift in Sources */ = {isa = PBXBuildFile; fileRef = 2610E5662948D1F200F75469 /* MovieDetailRequest.swift */; };
		26982CAC294DCE7100E5E1A6 /* DataRequest.swift in Sources */ = {isa = PBXBuildFile; fileRef = 264CECE5293D06710095EA32 /* DataRequest.swift */; };
		2698EFA7294DD191000B8E41 /* Optional.swift in Sources */ = {isa = PBXBuildFile; fileRef = 2610E5682948EC2900F75469 /* Optional.swift */; };
		26A9520529AEA47100340054 /* View.swift in Sources */ = {isa = PBXBuildFile; fileRef = 26A9520429AEA47100340054 /* View.swift */; };
		26A9520629B6161200340054 /* URLPath.swift in Sources */ = {isa = PBXBuildFile; fileRef = 2652955F29A4FB4A001849AB /* URLPath.swift */; };
		26A9520829B9ECF300340054 /* NetworkServiceTests.swift in Sources */ = {isa = PBXBuildFile; fileRef = 26A9520729B9ECF300340054 /* NetworkServiceTests.swift */; };
		26B9E8ED2944CC1A00251362 /* InTheatresMoviesCollectionViewCell.swift in Sources */ = {isa = PBXBuildFile; fileRef = 26B9E8EB2944CC1A00251362 /* InTheatresMoviesCollectionViewCell.swift */; };
		26E97337294E115100FDFD9B /* Mocker in Frameworks */ = {isa = PBXBuildFile; productRef = 26E97336294E115100FDFD9B /* Mocker */; };
		26E97338294E197E00FDFD9B /* MostPopularMoviesDataModel.swift in Sources */ = {isa = PBXBuildFile; fileRef = 26FF799729465B3F00824F85 /* MostPopularMoviesDataModel.swift */; };
		26E97339294E278000FDFD9B /* MostPopularMoviesRequest.swift in Sources */ = {isa = PBXBuildFile; fileRef = 26FF799529465AF700824F85 /* MostPopularMoviesRequest.swift */; };
		26F5906629CE03680098C05B /* BaseConfiguration.swift in Sources */ = {isa = PBXBuildFile; fileRef = 26F5906529CE03680098C05B /* BaseConfiguration.swift */; };
		26FF796B2944F9DC00824F85 /* MoviesViewModel.swift in Sources */ = {isa = PBXBuildFile; fileRef = 26FF796A2944F9DC00824F85 /* MoviesViewModel.swift */; };
		26FF79822946476E00824F85 /* SectionHeaderReusableView.swift in Sources */ = {isa = PBXBuildFile; fileRef = 26FF79812946476E00824F85 /* SectionHeaderReusableView.swift */; };
		26FF7985294651D200824F85 /* Constants.swift in Sources */ = {isa = PBXBuildFile; fileRef = 26FF7984294651D200824F85 /* Constants.swift */; };
		26FF798F2946581E00824F85 /* NunitoSans-Regular.ttf in Resources */ = {isa = PBXBuildFile; fileRef = 26FF798A2946544100824F85 /* NunitoSans-Regular.ttf */; };
		26FF79902946581E00824F85 /* NunitoSans-Light.ttf in Resources */ = {isa = PBXBuildFile; fileRef = 26FF79882946544100824F85 /* NunitoSans-Light.ttf */; };
		26FF79912946581E00824F85 /* NunitoSans-Bold.ttf in Resources */ = {isa = PBXBuildFile; fileRef = 26FF79872946542400824F85 /* NunitoSans-Bold.ttf */; };
		26FF79922946581E00824F85 /* NunitoSans-SemiBold.ttf in Resources */ = {isa = PBXBuildFile; fileRef = 26FF79892946544100824F85 /* NunitoSans-SemiBold.ttf */; };
		26FF7994294658B500824F85 /* NunitoSans-Black.ttf in Resources */ = {isa = PBXBuildFile; fileRef = 26FF7993294658B500824F85 /* NunitoSans-Black.ttf */; };
		26FF799629465AF700824F85 /* MostPopularMoviesRequest.swift in Sources */ = {isa = PBXBuildFile; fileRef = 26FF799529465AF700824F85 /* MostPopularMoviesRequest.swift */; };
		26FF799829465B3F00824F85 /* MostPopularMoviesDataModel.swift in Sources */ = {isa = PBXBuildFile; fileRef = 26FF799729465B3F00824F85 /* MostPopularMoviesDataModel.swift */; };
/* End PBXBuildFile section */

/* Begin PBXContainerItemProxy section */
		26982CA3294DC73700E5E1A6 /* PBXContainerItemProxy */ = {
			isa = PBXContainerItemProxy;
			containerPortal = 265993E82939127F005149BF /* Project object */;
			proxyType = 1;
			remoteGlobalIDString = 265993EF2939127F005149BF;
			remoteInfo = Movies;
		};
/* End PBXContainerItemProxy section */

/* Begin PBXFileReference section */
		260162A029475A7300D94686 /* MovieDetailView.swift */ = {isa = PBXFileReference; lastKnownFileType = sourcecode.swift; path = MovieDetailView.swift; sourceTree = "<group>"; };
		2610E561294798FA00F75469 /* MovieDetailViewModel.swift */ = {isa = PBXFileReference; lastKnownFileType = sourcecode.swift; path = MovieDetailViewModel.swift; sourceTree = "<group>"; };
		2610E5642948C38400F75469 /* MovieDetailDataModel.swift */ = {isa = PBXFileReference; lastKnownFileType = sourcecode.swift; path = MovieDetailDataModel.swift; sourceTree = "<group>"; };
		2610E5662948D1F200F75469 /* MovieDetailRequest.swift */ = {isa = PBXFileReference; lastKnownFileType = sourcecode.swift; path = MovieDetailRequest.swift; sourceTree = "<group>"; };
		2610E5682948EC2900F75469 /* Optional.swift */ = {isa = PBXFileReference; lastKnownFileType = sourcecode.swift; path = Optional.swift; sourceTree = "<group>"; };
		26115C4F294744120097EAFA /* InTheatresMoviesCollectionViewCell.xib */ = {isa = PBXFileReference; fileEncoding = 4; lastKnownFileType = file.xib; path = InTheatresMoviesCollectionViewCell.xib; sourceTree = "<group>"; };
		26225B9C2947436F00E600E7 /* PopularMoviesCollectionViewCell.swift */ = {isa = PBXFileReference; lastKnownFileType = sourcecode.swift; path = PopularMoviesCollectionViewCell.swift; sourceTree = "<group>"; };
		26225B9D2947436F00E600E7 /* PopularMoviesCollectionViewCell.xib */ = {isa = PBXFileReference; lastKnownFileType = file.xib; path = PopularMoviesCollectionViewCell.xib; sourceTree = "<group>"; };
		262591FD294B8BF900C0B1EB /* MovieDetailImageView.swift */ = {isa = PBXFileReference; lastKnownFileType = sourcecode.swift; path = MovieDetailImageView.swift; sourceTree = "<group>"; };
		262591FF294B8C0900C0B1EB /* MovieDetailDescriptionView.swift */ = {isa = PBXFileReference; lastKnownFileType = sourcecode.swift; path = MovieDetailDescriptionView.swift; sourceTree = "<group>"; };
		26259201294B941500C0B1EB /* MoviewDetailPlotView.swift */ = {isa = PBXFileReference; lastKnownFileType = sourcecode.swift; path = MoviewDetailPlotView.swift; sourceTree = "<group>"; };
		26259203294B942B00C0B1EB /* MovieDetailCastView.swift */ = {isa = PBXFileReference; lastKnownFileType = sourcecode.swift; path = MovieDetailCastView.swift; sourceTree = "<group>"; };
		2625920C294C749300C0B1EB /* ShowsView.swift */ = {isa = PBXFileReference; lastKnownFileType = sourcecode.swift; path = ShowsView.swift; sourceTree = "<group>"; };
		26259213294C758400C0B1EB /* ShowsDataModel.swift */ = {isa = PBXFileReference; lastKnownFileType = sourcecode.swift; path = ShowsDataModel.swift; sourceTree = "<group>"; };
		26259215294C768A00C0B1EB /* ShowsViewModel.swift */ = {isa = PBXFileReference; lastKnownFileType = sourcecode.swift; path = ShowsViewModel.swift; sourceTree = "<group>"; };
		26259217294C776E00C0B1EB /* ShowsRequest.swift */ = {isa = PBXFileReference; lastKnownFileType = sourcecode.swift; path = ShowsRequest.swift; sourceTree = "<group>"; };
		2625921A294C836400C0B1EB /* PlaceholderImage.swift */ = {isa = PBXFileReference; lastKnownFileType = sourcecode.swift; path = PlaceholderImage.swift; sourceTree = "<group>"; };
		2625921E294CEFDC00C0B1EB /* ShowsRowItemView.swift */ = {isa = PBXFileReference; lastKnownFileType = sourcecode.swift; path = ShowsRowItemView.swift; sourceTree = "<group>"; };
		26259220294CEFF200C0B1EB /* ShowsImageView.swift */ = {isa = PBXFileReference; lastKnownFileType = sourcecode.swift; path = ShowsImageView.swift; sourceTree = "<group>"; };
		26259222294CF00700C0B1EB /* ShowsDescriptionView.swift */ = {isa = PBXFileReference; lastKnownFileType = sourcecode.swift; path = ShowsDescriptionView.swift; sourceTree = "<group>"; };
		26445E36294A2D51009372F8 /* Image.swift */ = {isa = PBXFileReference; lastKnownFileType = sourcecode.swift; path = Image.swift; sourceTree = "<group>"; };
		264CECE0293CF1780095EA32 /* NetworkService.swift */ = {isa = PBXFileReference; lastKnownFileType = sourcecode.swift; path = NetworkService.swift; sourceTree = "<group>"; };
		264CECE5293D06710095EA32 /* DataRequest.swift */ = {isa = PBXFileReference; lastKnownFileType = sourcecode.swift; path = DataRequest.swift; sourceTree = "<group>"; };
		264CECE7293D0AE70095EA32 /* InTheatresMoviesRequest.swift */ = {isa = PBXFileReference; lastKnownFileType = sourcecode.swift; path = InTheatresMoviesRequest.swift; sourceTree = "<group>"; };
		264CECEA293D3C530095EA32 /* InTheatresMoviesDataModel.swift */ = {isa = PBXFileReference; lastKnownFileType = sourcecode.swift; path = InTheatresMoviesDataModel.swift; sourceTree = "<group>"; };
		2652955F29A4FB4A001849AB /* URLPath.swift */ = {isa = PBXFileReference; lastKnownFileType = sourcecode.swift; path = URLPath.swift; sourceTree = "<group>"; };
		265993F02939127F005149BF /* Movies.app */ = {isa = PBXFileReference; explicitFileType = wrapper.application; includeInIndex = 0; path = Movies.app; sourceTree = BUILT_PRODUCTS_DIR; };
		265993F32939127F005149BF /* AppDelegate.swift */ = {isa = PBXFileReference; lastKnownFileType = sourcecode.swift; path = AppDelegate.swift; sourceTree = "<group>"; };
		265993F52939127F005149BF /* SceneDelegate.swift */ = {isa = PBXFileReference; lastKnownFileType = sourcecode.swift; path = SceneDelegate.swift; sourceTree = "<group>"; };
		265993F72939127F005149BF /* MoviesViewController.swift */ = {isa = PBXFileReference; lastKnownFileType = sourcecode.swift; path = MoviesViewController.swift; sourceTree = "<group>"; };
		265993FA2939127F005149BF /* Base */ = {isa = PBXFileReference; lastKnownFileType = file.storyboard; name = Base; path = Base.lproj/Main.storyboard; sourceTree = "<group>"; };
		265993FC29391281005149BF /* Assets.xcassets */ = {isa = PBXFileReference; lastKnownFileType = folder.assetcatalog; path = Assets.xcassets; sourceTree = "<group>"; };
		265993FF29391281005149BF /* Base */ = {isa = PBXFileReference; lastKnownFileType = file.storyboard; name = Base; path = Base.lproj/LaunchScreen.storyboard; sourceTree = "<group>"; };
		2659940129391281005149BF /* Info.plist */ = {isa = PBXFileReference; lastKnownFileType = text.plist.xml; path = Info.plist; sourceTree = "<group>"; };
		2659940B2939345B005149BF /* AppCoordinator.swift */ = {isa = PBXFileReference; lastKnownFileType = sourcecode.swift; path = AppCoordinator.swift; sourceTree = "<group>"; };
		2659940D29393633005149BF /* Coordinator.swift */ = {isa = PBXFileReference; lastKnownFileType = sourcecode.swift; path = Coordinator.swift; sourceTree = "<group>"; };
		2659940F29394478005149BF /* MoviesCoordinator.swift */ = {isa = PBXFileReference; lastKnownFileType = sourcecode.swift; path = MoviesCoordinator.swift; sourceTree = "<group>"; };
		26599411293944A2005149BF /* ShowsCoordinator.swift */ = {isa = PBXFileReference; lastKnownFileType = sourcecode.swift; path = ShowsCoordinator.swift; sourceTree = "<group>"; };
		2659941329394BA7005149BF /* TabBarController.swift */ = {isa = PBXFileReference; lastKnownFileType = sourcecode.swift; path = TabBarController.swift; sourceTree = "<group>"; };
		26599416293A86AA005149BF /* UIViewController.swift */ = {isa = PBXFileReference; lastKnownFileType = sourcecode.swift; path = UIViewController.swift; sourceTree = "<group>"; };
		26982C86294D1CAC00E5E1A6 /* ShowsHostingViewController.swift */ = {isa = PBXFileReference; fileEncoding = 4; lastKnownFileType = sourcecode.swift; path = ShowsHostingViewController.swift; sourceTree = "<group>"; };
		26982C9F294DC73700E5E1A6 /* MoviesTests.xctest */ = {isa = PBXFileReference; explicitFileType = wrapper.cfbundle; includeInIndex = 0; path = MoviesTests.xctest; sourceTree = BUILT_PRODUCTS_DIR; };
		26982CA1294DC73700E5E1A6 /* MovieDetailViewModelTests.swift */ = {isa = PBXFileReference; lastKnownFileType = sourcecode.swift; path = MovieDetailViewModelTests.swift; sourceTree = "<group>"; };
		26A9520429AEA47100340054 /* View.swift */ = {isa = PBXFileReference; lastKnownFileType = sourcecode.swift; path = View.swift; sourceTree = "<group>"; };
		26A9520729B9ECF300340054 /* NetworkServiceTests.swift */ = {isa = PBXFileReference; lastKnownFileType = sourcecode.swift; path = NetworkServiceTests.swift; sourceTree = "<group>"; };
		26B9E8EB2944CC1A00251362 /* InTheatresMoviesCollectionViewCell.swift */ = {isa = PBXFileReference; lastKnownFileType = sourcecode.swift; path = InTheatresMoviesCollectionViewCell.swift; sourceTree = "<group>"; };
		26F5906529CE03680098C05B /* BaseConfiguration.swift */ = {isa = PBXFileReference; lastKnownFileType = sourcecode.swift; path = BaseConfiguration.swift; sourceTree = "<group>"; };
		26FF796A2944F9DC00824F85 /* MoviesViewModel.swift */ = {isa = PBXFileReference; lastKnownFileType = sourcecode.swift; path = MoviesViewModel.swift; sourceTree = "<group>"; };
		26FF7975294580E900824F85 /* Movies.entitlements */ = {isa = PBXFileReference; lastKnownFileType = text.plist.entitlements; path = Movies.entitlements; sourceTree = "<group>"; };
		26FF79812946476E00824F85 /* SectionHeaderReusableView.swift */ = {isa = PBXFileReference; lastKnownFileType = sourcecode.swift; name = SectionHeaderReusableView.swift; path = Movies/Movies/SectionHeaderReusableView.swift; sourceTree = SOURCE_ROOT; };
		26FF7984294651D200824F85 /* Constants.swift */ = {isa = PBXFileReference; lastKnownFileType = sourcecode.swift; path = Constants.swift; sourceTree = "<group>"; };
		26FF79872946542400824F85 /* NunitoSans-Bold.ttf */ = {isa = PBXFileReference; lastKnownFileType = file; path = "NunitoSans-Bold.ttf"; sourceTree = "<group>"; };
		26FF79882946544100824F85 /* NunitoSans-Light.ttf */ = {isa = PBXFileReference; lastKnownFileType = file; path = "NunitoSans-Light.ttf"; sourceTree = "<group>"; };
		26FF79892946544100824F85 /* NunitoSans-SemiBold.ttf */ = {isa = PBXFileReference; lastKnownFileType = file; path = "NunitoSans-SemiBold.ttf"; sourceTree = "<group>"; };
		26FF798A2946544100824F85 /* NunitoSans-Regular.ttf */ = {isa = PBXFileReference; lastKnownFileType = file; path = "NunitoSans-Regular.ttf"; sourceTree = "<group>"; };
		26FF7993294658B500824F85 /* NunitoSans-Black.ttf */ = {isa = PBXFileReference; lastKnownFileType = file; path = "NunitoSans-Black.ttf"; sourceTree = "<group>"; };
		26FF799529465AF700824F85 /* MostPopularMoviesRequest.swift */ = {isa = PBXFileReference; lastKnownFileType = sourcecode.swift; path = MostPopularMoviesRequest.swift; sourceTree = "<group>"; };
		26FF799729465B3F00824F85 /* MostPopularMoviesDataModel.swift */ = {isa = PBXFileReference; lastKnownFileType = sourcecode.swift; path = MostPopularMoviesDataModel.swift; sourceTree = "<group>"; };
/* End PBXFileReference section */

/* Begin PBXFrameworksBuildPhase section */
		265993ED2939127F005149BF /* Frameworks */ = {
			isa = PBXFrameworksBuildPhase;
			buildActionMask = 2147483647;
			files = (
				26E97337294E115100FDFD9B /* Mocker in Frameworks */,
				262591FC294B70E600C0B1EB /* SDWebImageSwiftUI in Frameworks */,
				262591F6294B6F1100C0B1EB /* SDWebImage in Frameworks */,
				264CECDE293B754A0095EA32 /* SwiftHEXColors in Frameworks */,
				264CECE4293D05800095EA32 /* Alamofire in Frameworks */,
			);
			runOnlyForDeploymentPostprocessing = 0;
		};
		26982C9C294DC73700E5E1A6 /* Frameworks */ = {
			isa = PBXFrameworksBuildPhase;
			buildActionMask = 2147483647;
			files = (
			);
			runOnlyForDeploymentPostprocessing = 0;
		};
/* End PBXFrameworksBuildPhase section */

/* Begin PBXGroup section */
		2601629F294759BE00D94686 /* MovieDetail */ = {
			isa = PBXGroup;
			children = (
				2610E55F294798D600F75469 /* Views */,
				2610E560294798DC00F75469 /* ViewModels */,
				2610E5632948C33000F75469 /* Models */,
			);
			path = MovieDetail;
			sourceTree = "<group>";
		};
		2610E55F294798D600F75469 /* Views */ = {
			isa = PBXGroup;
			children = (
				260162A029475A7300D94686 /* MovieDetailView.swift */,
				262591FD294B8BF900C0B1EB /* MovieDetailImageView.swift */,
				262591FF294B8C0900C0B1EB /* MovieDetailDescriptionView.swift */,
				26259201294B941500C0B1EB /* MoviewDetailPlotView.swift */,
				26259203294B942B00C0B1EB /* MovieDetailCastView.swift */,
			);
			path = Views;
			sourceTree = "<group>";
		};
		2610E560294798DC00F75469 /* ViewModels */ = {
			isa = PBXGroup;
			children = (
				2610E561294798FA00F75469 /* MovieDetailViewModel.swift */,
			);
			path = ViewModels;
			sourceTree = "<group>";
		};
		2610E5632948C33000F75469 /* Models */ = {
			isa = PBXGroup;
			children = (
				2610E5642948C38400F75469 /* MovieDetailDataModel.swift */,
			);
			path = Models;
			sourceTree = "<group>";
		};
		26115C51294744220097EAFA /* PopularMovies */ = {
			isa = PBXGroup;
			children = (
				26225B9C2947436F00E600E7 /* PopularMoviesCollectionViewCell.swift */,
				26225B9D2947436F00E600E7 /* PopularMoviesCollectionViewCell.xib */,
			);
			path = PopularMovies;
			sourceTree = "<group>";
		};
		26225BA02947437600E600E7 /* InTheatresMovies */ = {
			isa = PBXGroup;
			children = (
				26B9E8EB2944CC1A00251362 /* InTheatresMoviesCollectionViewCell.swift */,
				26115C4F294744120097EAFA /* InTheatresMoviesCollectionViewCell.xib */,
			);
			path = InTheatresMovies;
			sourceTree = "<group>";
		};
		2625920B294C745D00C0B1EB /* Shows */ = {
			isa = PBXGroup;
			children = (
				2625920E294C74BD00C0B1EB /* Views */,
				2625920F294C74C900C0B1EB /* ViewModels */,
				26259210294C74D400C0B1EB /* Models */,
			);
			path = Shows;
			sourceTree = "<group>";
		};
		2625920E294C74BD00C0B1EB /* Views */ = {
			isa = PBXGroup;
			children = (
				2625920C294C749300C0B1EB /* ShowsView.swift */,
				2625921E294CEFDC00C0B1EB /* ShowsRowItemView.swift */,
				26259220294CEFF200C0B1EB /* ShowsImageView.swift */,
				26259222294CF00700C0B1EB /* ShowsDescriptionView.swift */,
			);
			path = Views;
			sourceTree = "<group>";
		};
		2625920F294C74C900C0B1EB /* ViewModels */ = {
			isa = PBXGroup;
			children = (
				26259215294C768A00C0B1EB /* ShowsViewModel.swift */,
			);
			path = ViewModels;
			sourceTree = "<group>";
		};
		26259210294C74D400C0B1EB /* Models */ = {
			isa = PBXGroup;
			children = (
				26259213294C758400C0B1EB /* ShowsDataModel.swift */,
			);
			path = Models;
			sourceTree = "<group>";
		};
		26259219294C833E00C0B1EB /* ReusableViews */ = {
			isa = PBXGroup;
			children = (
				2625921A294C836400C0B1EB /* PlaceholderImage.swift */,
			);
			path = ReusableViews;
			sourceTree = "<group>";
		};
		264CECDF293CF1520095EA32 /* NetworkService */ = {
			isa = PBXGroup;
			children = (
				26B9E8E82944B6F800251362 /* DataRequest */,
				264CECE0293CF1780095EA32 /* NetworkService.swift */,
				2652955F29A4FB4A001849AB /* URLPath.swift */,
			);
			path = NetworkService;
			sourceTree = "<group>";
		};
		264CECE9293D37890095EA32 /* Models */ = {
			isa = PBXGroup;
			children = (
				264CECEA293D3C530095EA32 /* InTheatresMoviesDataModel.swift */,
				26FF799729465B3F00824F85 /* MostPopularMoviesDataModel.swift */,
			);
			path = Models;
			sourceTree = "<group>";
		};
		265993E72939127F005149BF = {
			isa = PBXGroup;
			children = (
				265993F22939127F005149BF /* Movies */,
				26982CA0294DC73700E5E1A6 /* MoviesTests */,
				265993F12939127F005149BF /* Products */,
			);
			sourceTree = "<group>";
		};
		265993F12939127F005149BF /* Products */ = {
			isa = PBXGroup;
			children = (
				265993F02939127F005149BF /* Movies.app */,
				26982C9F294DC73700E5E1A6 /* MoviesTests.xctest */,
			);
			name = Products;
			sourceTree = "<group>";
		};
		265993F22939127F005149BF /* Movies */ = {
			isa = PBXGroup;
			children = (
				26FF7975294580E900824F85 /* Movies.entitlements */,
				265994082939147B005149BF /* SupportingFiles */,
				2659940A293933B6005149BF /* Coordinators */,
				26B9E8E92944CB8500251362 /* Movies */,
				2601629F294759BE00D94686 /* MovieDetail */,
				2625920B294C745D00C0B1EB /* Shows */,
				26259219294C833E00C0B1EB /* ReusableViews */,
				264CECDF293CF1520095EA32 /* NetworkService */,
				26FF7983294651B600824F85 /* Constants */,
				26FF79862946540400824F85 /* Fonts */,
				26599415293A8693005149BF /* Extensions */,
			);
			path = Movies;
			sourceTree = "<group>";
		};
		2659940729391418005149BF /* ViewControllers */ = {
			isa = PBXGroup;
			children = (
				26F5906729CE133C0098C05B /* Configuration */,
				2659941329394BA7005149BF /* TabBarController.swift */,
				265993F72939127F005149BF /* MoviesViewController.swift */,
				26982C86294D1CAC00E5E1A6 /* ShowsHostingViewController.swift */,
			);
			path = ViewControllers;
			sourceTree = "<group>";
		};
		265994082939147B005149BF /* SupportingFiles */ = {
			isa = PBXGroup;
			children = (
				2659940929391488005149BF /* Storyboards */,
				265993F32939127F005149BF /* AppDelegate.swift */,
				265993F52939127F005149BF /* SceneDelegate.swift */,
				265993FC29391281005149BF /* Assets.xcassets */,
				2659940129391281005149BF /* Info.plist */,
			);
			path = SupportingFiles;
			sourceTree = "<group>";
		};
		2659940929391488005149BF /* Storyboards */ = {
			isa = PBXGroup;
			children = (
				265993F92939127F005149BF /* Main.storyboard */,
				265993FE29391281005149BF /* LaunchScreen.storyboard */,
			);
			path = Storyboards;
			sourceTree = "<group>";
		};
		2659940A293933B6005149BF /* Coordinators */ = {
			isa = PBXGroup;
			children = (
				2659940D29393633005149BF /* Coordinator.swift */,
				2659940B2939345B005149BF /* AppCoordinator.swift */,
				2659940F29394478005149BF /* MoviesCoordinator.swift */,
				26599411293944A2005149BF /* ShowsCoordinator.swift */,
			);
			path = Coordinators;
			sourceTree = "<group>";
		};
		26599415293A8693005149BF /* Extensions */ = {
			isa = PBXGroup;
			children = (
				26599416293A86AA005149BF /* UIViewController.swift */,
				2610E5682948EC2900F75469 /* Optional.swift */,
				26445E36294A2D51009372F8 /* Image.swift */,
				26A9520429AEA47100340054 /* View.swift */,
			);
			path = Extensions;
			sourceTree = "<group>";
		};
		26982CA0294DC73700E5E1A6 /* MoviesTests */ = {
			isa = PBXGroup;
			children = (
				26982CA1294DC73700E5E1A6 /* MovieDetailViewModelTests.swift */,
				26A9520729B9ECF300340054 /* NetworkServiceTests.swift */,
			);
			path = MoviesTests;
			sourceTree = "<group>";
		};
		26B9E8E82944B6F800251362 /* DataRequest */ = {
			isa = PBXGroup;
			children = (
				264CECE5293D06710095EA32 /* DataRequest.swift */,
				264CECE7293D0AE70095EA32 /* InTheatresMoviesRequest.swift */,
				26FF799529465AF700824F85 /* MostPopularMoviesRequest.swift */,
				2610E5662948D1F200F75469 /* MovieDetailRequest.swift */,
				26259217294C776E00C0B1EB /* ShowsRequest.swift */,
			);
			path = DataRequest;
			sourceTree = "<group>";
		};
		26B9E8E92944CB8500251362 /* Movies */ = {
			isa = PBXGroup;
			children = (
				2659940729391418005149BF /* ViewControllers */,
				26B9E8EA2944CB9C00251362 /* UICollectionViewCells */,
				26FF79802946471A00824F85 /* UICollectionReusableViews */,
				26FF79692944F94700824F85 /* ViewModels */,
				264CECE9293D37890095EA32 /* Models */,
			);
			path = Movies;
			sourceTree = "<group>";
		};
		26B9E8EA2944CB9C00251362 /* UICollectionViewCells */ = {
			isa = PBXGroup;
			children = (
				26225BA02947437600E600E7 /* InTheatresMovies */,
				26115C51294744220097EAFA /* PopularMovies */,
			);
			path = UICollectionViewCells;
			sourceTree = "<group>";
		};
		26F5906729CE133C0098C05B /* Configuration */ = {
			isa = PBXGroup;
			children = (
				26F5906529CE03680098C05B /* BaseConfiguration.swift */,
			);
			path = Configuration;
			sourceTree = "<group>";
		};
		26FF79692944F94700824F85 /* ViewModels */ = {
			isa = PBXGroup;
			children = (
				26FF796A2944F9DC00824F85 /* MoviesViewModel.swift */,
			);
			path = ViewModels;
			sourceTree = "<group>";
		};
		26FF79802946471A00824F85 /* UICollectionReusableViews */ = {
			isa = PBXGroup;
			children = (
				26FF79812946476E00824F85 /* SectionHeaderReusableView.swift */,
			);
			path = UICollectionReusableViews;
			sourceTree = "<group>";
		};
		26FF7983294651B600824F85 /* Constants */ = {
			isa = PBXGroup;
			children = (
				26FF7984294651D200824F85 /* Constants.swift */,
			);
			path = Constants;
			sourceTree = "<group>";
		};
		26FF79862946540400824F85 /* Fonts */ = {
			isa = PBXGroup;
			children = (
				26FF79872946542400824F85 /* NunitoSans-Bold.ttf */,
				26FF79882946544100824F85 /* NunitoSans-Light.ttf */,
				26FF7993294658B500824F85 /* NunitoSans-Black.ttf */,
				26FF798A2946544100824F85 /* NunitoSans-Regular.ttf */,
				26FF79892946544100824F85 /* NunitoSans-SemiBold.ttf */,
			);
			path = Fonts;
			sourceTree = "<group>";
		};
/* End PBXGroup section */

/* Begin PBXNativeTarget section */
		265993EF2939127F005149BF /* Movies */ = {
			isa = PBXNativeTarget;
			buildConfigurationList = 2659940429391281005149BF /* Build configuration list for PBXNativeTarget "Movies" */;
			buildPhases = (
				265993EC2939127F005149BF /* Sources */,
				265993ED2939127F005149BF /* Frameworks */,
				265993EE2939127F005149BF /* Resources */,
			);
			buildRules = (
			);
			dependencies = (
			);
			name = Movies;
			packageProductDependencies = (
				264CECDD293B754A0095EA32 /* SwiftHEXColors */,
				264CECE3293D05800095EA32 /* Alamofire */,
				262591F5294B6F1100C0B1EB /* SDWebImage */,
				262591FB294B70E600C0B1EB /* SDWebImageSwiftUI */,
				26E97336294E115100FDFD9B /* Mocker */,
			);
			productName = Movies;
			productReference = 265993F02939127F005149BF /* Movies.app */;
			productType = "com.apple.product-type.application";
		};
		26982C9E294DC73700E5E1A6 /* MoviesTests */ = {
			isa = PBXNativeTarget;
			buildConfigurationList = 26982CA5294DC73800E5E1A6 /* Build configuration list for PBXNativeTarget "MoviesTests" */;
			buildPhases = (
				26982C9B294DC73700E5E1A6 /* Sources */,
				26982C9C294DC73700E5E1A6 /* Frameworks */,
				26982C9D294DC73700E5E1A6 /* Resources */,
			);
			buildRules = (
			);
			dependencies = (
				26982CA4294DC73700E5E1A6 /* PBXTargetDependency */,
			);
			name = MoviesTests;
			productName = MoviesTests;
			productReference = 26982C9F294DC73700E5E1A6 /* MoviesTests.xctest */;
			productType = "com.apple.product-type.bundle.unit-test";
		};
/* End PBXNativeTarget section */

/* Begin PBXProject section */
		265993E82939127F005149BF /* Project object */ = {
			isa = PBXProject;
			attributes = {
				BuildIndependentTargetsInParallel = 1;
				LastSwiftUpdateCheck = 1400;
				LastUpgradeCheck = 1400;
				TargetAttributes = {
					265993EF2939127F005149BF = {
						CreatedOnToolsVersion = 14.0;
					};
					26982C9E294DC73700E5E1A6 = {
						CreatedOnToolsVersion = 14.0;
						TestTargetID = 265993EF2939127F005149BF;
					};
				};
			};
			buildConfigurationList = 265993EB2939127F005149BF /* Build configuration list for PBXProject "Movies" */;
			compatibilityVersion = "Xcode 14.0";
			developmentRegion = en;
			hasScannedForEncodings = 0;
			knownRegions = (
				en,
				Base,
			);
			mainGroup = 265993E72939127F005149BF;
			packageReferences = (
				264CECDC293B75490095EA32 /* XCRemoteSwiftPackageReference "SwiftHEXColors" */,
				264CECE2293D05800095EA32 /* XCRemoteSwiftPackageReference "Alamofire" */,
				262591F4294B6F1100C0B1EB /* XCRemoteSwiftPackageReference "SDWebImage" */,
				262591FA294B70E600C0B1EB /* XCRemoteSwiftPackageReference "SDWebImageSwiftUI" */,
				26E97335294E115100FDFD9B /* XCRemoteSwiftPackageReference "Mocker" */,
			);
			productRefGroup = 265993F12939127F005149BF /* Products */;
			projectDirPath = "";
			projectRoot = "";
			targets = (
				265993EF2939127F005149BF /* Movies */,
				26982C9E294DC73700E5E1A6 /* MoviesTests */,
			);
		};
/* End PBXProject section */

/* Begin PBXResourcesBuildPhase section */
		265993EE2939127F005149BF /* Resources */ = {
			isa = PBXResourcesBuildPhase;
			buildActionMask = 2147483647;
			files = (
				2659940029391281005149BF /* LaunchScreen.storyboard in Resources */,
				26FF798F2946581E00824F85 /* NunitoSans-Regular.ttf in Resources */,
				26FF7994294658B500824F85 /* NunitoSans-Black.ttf in Resources */,
				265993FD29391281005149BF /* Assets.xcassets in Resources */,
				26FF79922946581E00824F85 /* NunitoSans-SemiBold.ttf in Resources */,
				26FF79912946581E00824F85 /* NunitoSans-Bold.ttf in Resources */,
				26115C50294744120097EAFA /* InTheatresMoviesCollectionViewCell.xib in Resources */,
				26225B9F2947436F00E600E7 /* PopularMoviesCollectionViewCell.xib in Resources */,
				265993FB2939127F005149BF /* Main.storyboard in Resources */,
				26FF79902946581E00824F85 /* NunitoSans-Light.ttf in Resources */,
			);
			runOnlyForDeploymentPostprocessing = 0;
		};
		26982C9D294DC73700E5E1A6 /* Resources */ = {
			isa = PBXResourcesBuildPhase;
			buildActionMask = 2147483647;
			files = (
			);
			runOnlyForDeploymentPostprocessing = 0;
		};
/* End PBXResourcesBuildPhase section */

/* Begin PBXSourcesBuildPhase section */
		265993EC2939127F005149BF /* Sources */ = {
			isa = PBXSourcesBuildPhase;
			buildActionMask = 2147483647;
			files = (
				26FF796B2944F9DC00824F85 /* MoviesViewModel.swift in Sources */,
				264CECE1293CF1780095EA32 /* NetworkService.swift in Sources */,
				2659940C2939345B005149BF /* AppCoordinator.swift in Sources */,
				26B9E8ED2944CC1A00251362 /* InTheatresMoviesCollectionViewCell.swift in Sources */,
				26FF799829465B3F00824F85 /* MostPopularMoviesDataModel.swift in Sources */,
				26F5906629CE03680098C05B /* BaseConfiguration.swift in Sources */,
				264CECE6293D06710095EA32 /* DataRequest.swift in Sources */,
				2659941429394BA7005149BF /* TabBarController.swift in Sources */,
				262591FE294B8BF900C0B1EB /* MovieDetailImageView.swift in Sources */,
				26599417293A86AA005149BF /* UIViewController.swift in Sources */,
				265993F82939127F005149BF /* MoviesViewController.swift in Sources */,
				2659940E29393633005149BF /* Coordinator.swift in Sources */,
				2610E5692948EC2900F75469 /* Optional.swift in Sources */,
				26259204294B942B00C0B1EB /* MovieDetailCastView.swift in Sources */,
				26FF79822946476E00824F85 /* SectionHeaderReusableView.swift in Sources */,
				2659941029394478005149BF /* MoviesCoordinator.swift in Sources */,
				2625921B294C836400C0B1EB /* PlaceholderImage.swift in Sources */,
				2625920D294C749300C0B1EB /* ShowsView.swift in Sources */,
				26FF7985294651D200824F85 /* Constants.swift in Sources */,
				26259218294C776E00C0B1EB /* ShowsRequest.swift in Sources */,
				26A9520529AEA47100340054 /* View.swift in Sources */,
				265993F42939127F005149BF /* AppDelegate.swift in Sources */,
				264CECEB293D3C530095EA32 /* InTheatresMoviesDataModel.swift in Sources */,
				26259214294C758400C0B1EB /* ShowsDataModel.swift in Sources */,
				2610E5652948C38400F75469 /* MovieDetailDataModel.swift in Sources */,
				26259223294CF00700C0B1EB /* ShowsDescriptionView.swift in Sources */,
				26259221294CEFF200C0B1EB /* ShowsImageView.swift in Sources */,
				26259216294C768A00C0B1EB /* ShowsViewModel.swift in Sources */,
				26259200294B8C0900C0B1EB /* MovieDetailDescriptionView.swift in Sources */,
				26599412293944A2005149BF /* ShowsCoordinator.swift in Sources */,
				2625921F294CEFDC00C0B1EB /* ShowsRowItemView.swift in Sources */,
				2610E5672948D1F200F75469 /* MovieDetailRequest.swift in Sources */,
				26982C87294D1CAC00E5E1A6 /* ShowsHostingViewController.swift in Sources */,
				26445E37294A2D51009372F8 /* Image.swift in Sources */,
				265993F62939127F005149BF /* SceneDelegate.swift in Sources */,
				26225B9E2947436F00E600E7 /* PopularMoviesCollectionViewCell.swift in Sources */,
				2610E562294798FA00F75469 /* MovieDetailViewModel.swift in Sources */,
				260162A129475A7300D94686 /* MovieDetailView.swift in Sources */,
				264CECE8293D0AE70095EA32 /* InTheatresMoviesRequest.swift in Sources */,
				2652956029A4FB4A001849AB /* URLPath.swift in Sources */,
				26FF799629465AF700824F85 /* MostPopularMoviesRequest.swift in Sources */,
				26259202294B941500C0B1EB /* MoviewDetailPlotView.swift in Sources */,
			);
			runOnlyForDeploymentPostprocessing = 0;
		};
		26982C9B294DC73700E5E1A6 /* Sources */ = {
			isa = PBXSourcesBuildPhase;
			buildActionMask = 2147483647;
			files = (
				26A9520629B6161200340054 /* URLPath.swift in Sources */,
				26A9520829B9ECF300340054 /* NetworkServiceTests.swift in Sources */,
				26E97339294E278000FDFD9B /* MostPopularMoviesRequest.swift in Sources */,
				26E97338294E197E00FDFD9B /* MostPopularMoviesDataModel.swift in Sources */,
				2698EFA7294DD191000B8E41 /* Optional.swift in Sources */,
				26982CAC294DCE7100E5E1A6 /* DataRequest.swift in Sources */,
				26982CAB294DCE2C00E5E1A6 /* MovieDetailRequest.swift in Sources */,
				26982CAA294DC88F00E5E1A6 /* MovieDetailDataModel.swift in Sources */,
				26982CA9294DC85B00E5E1A6 /* NetworkService.swift in Sources */,
				26982CA8294DC81B00E5E1A6 /* MovieDetailViewModel.swift in Sources */,
				26982CA2294DC73700E5E1A6 /* MovieDetailViewModelTests.swift in Sources */,
			);
			runOnlyForDeploymentPostprocessing = 0;
		};
/* End PBXSourcesBuildPhase section */

/* Begin PBXTargetDependency section */
		26982CA4294DC73700E5E1A6 /* PBXTargetDependency */ = {
			isa = PBXTargetDependency;
			target = 265993EF2939127F005149BF /* Movies */;
			targetProxy = 26982CA3294DC73700E5E1A6 /* PBXContainerItemProxy */;
		};
/* End PBXTargetDependency section */

/* Begin PBXVariantGroup section */
		265993F92939127F005149BF /* Main.storyboard */ = {
			isa = PBXVariantGroup;
			children = (
				265993FA2939127F005149BF /* Base */,
			);
			name = Main.storyboard;
			sourceTree = "<group>";
		};
		265993FE29391281005149BF /* LaunchScreen.storyboard */ = {
			isa = PBXVariantGroup;
			children = (
				265993FF29391281005149BF /* Base */,
			);
			name = LaunchScreen.storyboard;
			sourceTree = "<group>";
		};
/* End PBXVariantGroup section */

/* Begin XCBuildConfiguration section */
		2659940229391281005149BF /* Debug */ = {
			isa = XCBuildConfiguration;
			buildSettings = {
				ALWAYS_SEARCH_USER_PATHS = NO;
				CLANG_ANALYZER_NONNULL = YES;
				CLANG_ANALYZER_NUMBER_OBJECT_CONVERSION = YES_AGGRESSIVE;
				CLANG_CXX_LANGUAGE_STANDARD = "gnu++20";
				CLANG_ENABLE_MODULES = YES;
				CLANG_ENABLE_OBJC_ARC = YES;
				CLANG_ENABLE_OBJC_WEAK = YES;
				CLANG_WARN_BLOCK_CAPTURE_AUTORELEASING = YES;
				CLANG_WARN_BOOL_CONVERSION = YES;
				CLANG_WARN_COMMA = YES;
				CLANG_WARN_CONSTANT_CONVERSION = YES;
				CLANG_WARN_DEPRECATED_OBJC_IMPLEMENTATIONS = YES;
				CLANG_WARN_DIRECT_OBJC_ISA_USAGE = YES_ERROR;
				CLANG_WARN_DOCUMENTATION_COMMENTS = YES;
				CLANG_WARN_EMPTY_BODY = YES;
				CLANG_WARN_ENUM_CONVERSION = YES;
				CLANG_WARN_INFINITE_RECURSION = YES;
				CLANG_WARN_INT_CONVERSION = YES;
				CLANG_WARN_NON_LITERAL_NULL_CONVERSION = YES;
				CLANG_WARN_OBJC_IMPLICIT_RETAIN_SELF = YES;
				CLANG_WARN_OBJC_LITERAL_CONVERSION = YES;
				CLANG_WARN_OBJC_ROOT_CLASS = YES_ERROR;
				CLANG_WARN_QUOTED_INCLUDE_IN_FRAMEWORK_HEADER = YES;
				CLANG_WARN_RANGE_LOOP_ANALYSIS = YES;
				CLANG_WARN_STRICT_PROTOTYPES = YES;
				CLANG_WARN_SUSPICIOUS_MOVE = YES;
				CLANG_WARN_UNGUARDED_AVAILABILITY = YES_AGGRESSIVE;
				CLANG_WARN_UNREACHABLE_CODE = YES;
				CLANG_WARN__DUPLICATE_METHOD_MATCH = YES;
				COPY_PHASE_STRIP = NO;
				DEBUG_INFORMATION_FORMAT = dwarf;
				ENABLE_STRICT_OBJC_MSGSEND = YES;
				ENABLE_TESTABILITY = YES;
				ENABLE_TESTING_SEARCH_PATHS = YES;
				GCC_C_LANGUAGE_STANDARD = gnu11;
				GCC_DYNAMIC_NO_PIC = NO;
				GCC_NO_COMMON_BLOCKS = YES;
				GCC_OPTIMIZATION_LEVEL = 0;
				GCC_PREPROCESSOR_DEFINITIONS = (
					"DEBUG=1",
					"$(inherited)",
				);
				GCC_WARN_64_TO_32_BIT_CONVERSION = YES;
				GCC_WARN_ABOUT_RETURN_TYPE = YES_ERROR;
				GCC_WARN_UNDECLARED_SELECTOR = YES;
				GCC_WARN_UNINITIALIZED_AUTOS = YES_AGGRESSIVE;
				GCC_WARN_UNUSED_FUNCTION = YES;
				GCC_WARN_UNUSED_VARIABLE = YES;
				IPHONEOS_DEPLOYMENT_TARGET = 16.0;
				MTL_ENABLE_DEBUG_INFO = INCLUDE_SOURCE;
				MTL_FAST_MATH = YES;
				ONLY_ACTIVE_ARCH = YES;
				SDKROOT = iphoneos;
				SWIFT_ACTIVE_COMPILATION_CONDITIONS = DEBUG;
				SWIFT_OPTIMIZATION_LEVEL = "-Onone";
			};
			name = Debug;
		};
		2659940329391281005149BF /* Release */ = {
			isa = XCBuildConfiguration;
			buildSettings = {
				ALWAYS_SEARCH_USER_PATHS = NO;
				CLANG_ANALYZER_NONNULL = YES;
				CLANG_ANALYZER_NUMBER_OBJECT_CONVERSION = YES_AGGRESSIVE;
				CLANG_CXX_LANGUAGE_STANDARD = "gnu++20";
				CLANG_ENABLE_MODULES = YES;
				CLANG_ENABLE_OBJC_ARC = YES;
				CLANG_ENABLE_OBJC_WEAK = YES;
				CLANG_WARN_BLOCK_CAPTURE_AUTORELEASING = YES;
				CLANG_WARN_BOOL_CONVERSION = YES;
				CLANG_WARN_COMMA = YES;
				CLANG_WARN_CONSTANT_CONVERSION = YES;
				CLANG_WARN_DEPRECATED_OBJC_IMPLEMENTATIONS = YES;
				CLANG_WARN_DIRECT_OBJC_ISA_USAGE = YES_ERROR;
				CLANG_WARN_DOCUMENTATION_COMMENTS = YES;
				CLANG_WARN_EMPTY_BODY = YES;
				CLANG_WARN_ENUM_CONVERSION = YES;
				CLANG_WARN_INFINITE_RECURSION = YES;
				CLANG_WARN_INT_CONVERSION = YES;
				CLANG_WARN_NON_LITERAL_NULL_CONVERSION = YES;
				CLANG_WARN_OBJC_IMPLICIT_RETAIN_SELF = YES;
				CLANG_WARN_OBJC_LITERAL_CONVERSION = YES;
				CLANG_WARN_OBJC_ROOT_CLASS = YES_ERROR;
				CLANG_WARN_QUOTED_INCLUDE_IN_FRAMEWORK_HEADER = YES;
				CLANG_WARN_RANGE_LOOP_ANALYSIS = YES;
				CLANG_WARN_STRICT_PROTOTYPES = YES;
				CLANG_WARN_SUSPICIOUS_MOVE = YES;
				CLANG_WARN_UNGUARDED_AVAILABILITY = YES_AGGRESSIVE;
				CLANG_WARN_UNREACHABLE_CODE = YES;
				CLANG_WARN__DUPLICATE_METHOD_MATCH = YES;
				COPY_PHASE_STRIP = NO;
				DEBUG_INFORMATION_FORMAT = "dwarf-with-dsym";
				ENABLE_NS_ASSERTIONS = NO;
				ENABLE_STRICT_OBJC_MSGSEND = YES;
				ENABLE_TESTING_SEARCH_PATHS = YES;
				GCC_C_LANGUAGE_STANDARD = gnu11;
				GCC_NO_COMMON_BLOCKS = YES;
				GCC_WARN_64_TO_32_BIT_CONVERSION = YES;
				GCC_WARN_ABOUT_RETURN_TYPE = YES_ERROR;
				GCC_WARN_UNDECLARED_SELECTOR = YES;
				GCC_WARN_UNINITIALIZED_AUTOS = YES_AGGRESSIVE;
				GCC_WARN_UNUSED_FUNCTION = YES;
				GCC_WARN_UNUSED_VARIABLE = YES;
				IPHONEOS_DEPLOYMENT_TARGET = 16.0;
				MTL_ENABLE_DEBUG_INFO = NO;
				MTL_FAST_MATH = YES;
				SDKROOT = iphoneos;
				SWIFT_COMPILATION_MODE = wholemodule;
				SWIFT_OPTIMIZATION_LEVEL = "-O";
				VALIDATE_PRODUCT = YES;
			};
			name = Release;
		};
		2659940529391281005149BF /* Debug */ = {
			isa = XCBuildConfiguration;
			buildSettings = {
				ASSETCATALOG_COMPILER_APPICON_NAME = AppIcon;
				ASSETCATALOG_COMPILER_GLOBAL_ACCENT_COLOR_NAME = AccentColor;
				CODE_SIGN_ENTITLEMENTS = Movies/Movies.entitlements;
				CODE_SIGN_STYLE = Automatic;
				CURRENT_PROJECT_VERSION = 1;
				DEVELOPMENT_TEAM = 5KXS5M32KB;
				GENERATE_INFOPLIST_FILE = YES;
				INFOPLIST_FILE = Movies/SupportingFiles/Info.plist;
				INFOPLIST_KEY_UIApplicationSupportsIndirectInputEvents = YES;
				INFOPLIST_KEY_UILaunchStoryboardName = LaunchScreen;
				INFOPLIST_KEY_UIMainStoryboardFile = Main;
				INFOPLIST_KEY_UISupportedInterfaceOrientations = UIInterfaceOrientationPortrait;
				INFOPLIST_KEY_UISupportedInterfaceOrientations_iPad = "UIInterfaceOrientationLandscapeLeft UIInterfaceOrientationLandscapeRight UIInterfaceOrientationPortrait UIInterfaceOrientationPortraitUpsideDown";
				LD_RUNPATH_SEARCH_PATHS = (
					"$(inherited)",
					"@executable_path/Frameworks",
				);
				MARKETING_VERSION = 1.0;
				PRODUCT_BUNDLE_IDENTIFIER = Hayrapetyan.Movies;
				PRODUCT_NAME = "$(TARGET_NAME)";
				SUPPORTED_PLATFORMS = "iphoneos iphonesimulator";
				SUPPORTS_MACCATALYST = YES;
				SUPPORTS_MAC_DESIGNED_FOR_IPHONE_IPAD = NO;
				SWIFT_EMIT_LOC_STRINGS = YES;
				SWIFT_VERSION = 5.0;
				TARGETED_DEVICE_FAMILY = "1,2";
			};
			name = Debug;
		};
		2659940629391281005149BF /* Release */ = {
			isa = XCBuildConfiguration;
			buildSettings = {
				ASSETCATALOG_COMPILER_APPICON_NAME = AppIcon;
				ASSETCATALOG_COMPILER_GLOBAL_ACCENT_COLOR_NAME = AccentColor;
				CODE_SIGN_ENTITLEMENTS = Movies/Movies.entitlements;
				CODE_SIGN_STYLE = Automatic;
				CURRENT_PROJECT_VERSION = 1;
				DEVELOPMENT_TEAM = 5KXS5M32KB;
				GENERATE_INFOPLIST_FILE = YES;
				INFOPLIST_FILE = Movies/SupportingFiles/Info.plist;
				INFOPLIST_KEY_UIApplicationSupportsIndirectInputEvents = YES;
				INFOPLIST_KEY_UILaunchStoryboardName = LaunchScreen;
				INFOPLIST_KEY_UIMainStoryboardFile = Main;
				INFOPLIST_KEY_UISupportedInterfaceOrientations = UIInterfaceOrientationPortrait;
				INFOPLIST_KEY_UISupportedInterfaceOrientations_iPad = "UIInterfaceOrientationLandscapeLeft UIInterfaceOrientationLandscapeRight UIInterfaceOrientationPortrait UIInterfaceOrientationPortraitUpsideDown";
				LD_RUNPATH_SEARCH_PATHS = (
					"$(inherited)",
					"@executable_path/Frameworks",
				);
				MARKETING_VERSION = 1.0;
				PRODUCT_BUNDLE_IDENTIFIER = Hayrapetyan.Movies;
				PRODUCT_NAME = "$(TARGET_NAME)";
				SUPPORTED_PLATFORMS = "iphoneos iphonesimulator";
				SUPPORTS_MACCATALYST = YES;
				SUPPORTS_MAC_DESIGNED_FOR_IPHONE_IPAD = NO;
				SWIFT_EMIT_LOC_STRINGS = YES;
				SWIFT_VERSION = 5.0;
				TARGETED_DEVICE_FAMILY = "1,2";
			};
			name = Release;
		};
		26982CA6294DC73800E5E1A6 /* Debug */ = {
			isa = XCBuildConfiguration;
			buildSettings = {
				BUNDLE_LOADER = "$(TEST_HOST)";
				CODE_SIGN_STYLE = Automatic;
				CURRENT_PROJECT_VERSION = 1;
				DEVELOPMENT_TEAM = 5KXS5M32KB;
				GENERATE_INFOPLIST_FILE = YES;
				MARKETING_VERSION = 1.0;
				PRODUCT_BUNDLE_IDENTIFIER = Hayrapetyan.MoviesTests;
				PRODUCT_NAME = "$(TARGET_NAME)";
				SWIFT_EMIT_LOC_STRINGS = NO;
				SWIFT_VERSION = 5.0;
				TARGETED_DEVICE_FAMILY = "1,2";
				TEST_HOST = "$(BUILT_PRODUCTS_DIR)/Movies.app/$(BUNDLE_EXECUTABLE_FOLDER_PATH)/Movies";
			};
			name = Debug;
		};
		26982CA7294DC73800E5E1A6 /* Release */ = {
			isa = XCBuildConfiguration;
			buildSettings = {
				BUNDLE_LOADER = "$(TEST_HOST)";
				CODE_SIGN_STYLE = Automatic;
				CURRENT_PROJECT_VERSION = 1;
				DEVELOPMENT_TEAM = 5KXS5M32KB;
				GENERATE_INFOPLIST_FILE = YES;
				MARKETING_VERSION = 1.0;
				PRODUCT_BUNDLE_IDENTIFIER = Hayrapetyan.MoviesTests;
				PRODUCT_NAME = "$(TARGET_NAME)";
				SWIFT_EMIT_LOC_STRINGS = NO;
				SWIFT_VERSION = 5.0;
				TARGETED_DEVICE_FAMILY = "1,2";
				TEST_HOST = "$(BUILT_PRODUCTS_DIR)/Movies.app/$(BUNDLE_EXECUTABLE_FOLDER_PATH)/Movies";
			};
			name = Release;
		};
/* End XCBuildConfiguration section */

/* Begin XCConfigurationList section */
		265993EB2939127F005149BF /* Build configuration list for PBXProject "Movies" */ = {
			isa = XCConfigurationList;
			buildConfigurations = (
				2659940229391281005149BF /* Debug */,
				2659940329391281005149BF /* Release */,
			);
			defaultConfigurationIsVisible = 0;
			defaultConfigurationName = Release;
		};
		2659940429391281005149BF /* Build configuration list for PBXNativeTarget "Movies" */ = {
			isa = XCConfigurationList;
			buildConfigurations = (
				2659940529391281005149BF /* Debug */,
				2659940629391281005149BF /* Release */,
			);
			defaultConfigurationIsVisible = 0;
			defaultConfigurationName = Release;
		};
		26982CA5294DC73800E5E1A6 /* Build configuration list for PBXNativeTarget "MoviesTests" */ = {
			isa = XCConfigurationList;
			buildConfigurations = (
				26982CA6294DC73800E5E1A6 /* Debug */,
				26982CA7294DC73800E5E1A6 /* Release */,
			);
			defaultConfigurationIsVisible = 0;
			defaultConfigurationName = Release;
		};
/* End XCConfigurationList section */

/* Begin XCRemoteSwiftPackageReference section */
		262591F4294B6F1100C0B1EB /* XCRemoteSwiftPackageReference "SDWebImage" */ = {
			isa = XCRemoteSwiftPackageReference;
			repositoryURL = "https://github.com/SDWebImage/SDWebImage";
			requirement = {
				kind = upToNextMajorVersion;
				minimumVersion = 5.0.0;
			};
		};
		262591FA294B70E600C0B1EB /* XCRemoteSwiftPackageReference "SDWebImageSwiftUI" */ = {
			isa = XCRemoteSwiftPackageReference;
			repositoryURL = "https://github.com/SDWebImage/SDWebImageSwiftUI";
			requirement = {
				kind = upToNextMajorVersion;
				minimumVersion = 2.0.0;
			};
		};
		264CECDC293B75490095EA32 /* XCRemoteSwiftPackageReference "SwiftHEXColors" */ = {
			isa = XCRemoteSwiftPackageReference;
			repositoryURL = "https://github.com/thii/SwiftHEXColors.git";
			requirement = {
				kind = upToNextMajorVersion;
				minimumVersion = 1.0.0;
			};
		};
		264CECE2293D05800095EA32 /* XCRemoteSwiftPackageReference "Alamofire" */ = {
			isa = XCRemoteSwiftPackageReference;
			repositoryURL = "https://github.com/Alamofire/Alamofire.git";
			requirement = {
				kind = upToNextMajorVersion;
				minimumVersion = 5.0.0;
			};
		};
		26E97335294E115100FDFD9B /* XCRemoteSwiftPackageReference "Mocker" */ = {
			isa = XCRemoteSwiftPackageReference;
			repositoryURL = "https://github.com/WeTransfer/Mocker";
			requirement = {
				kind = upToNextMajorVersion;
				minimumVersion = 3.0.0;
			};
		};
/* End XCRemoteSwiftPackageReference section */

/* Begin XCSwiftPackageProductDependency section */
		262591F5294B6F1100C0B1EB /* SDWebImage */ = {
			isa = XCSwiftPackageProductDependency;
			package = 262591F4294B6F1100C0B1EB /* XCRemoteSwiftPackageReference "SDWebImage" */;
			productName = SDWebImage;
		};
		262591FB294B70E600C0B1EB /* SDWebImageSwiftUI */ = {
			isa = XCSwiftPackageProductDependency;
			package = 262591FA294B70E600C0B1EB /* XCRemoteSwiftPackageReference "SDWebImageSwiftUI" */;
			productName = SDWebImageSwiftUI;
		};
		264CECDD293B754A0095EA32 /* SwiftHEXColors */ = {
			isa = XCSwiftPackageProductDependency;
			package = 264CECDC293B75490095EA32 /* XCRemoteSwiftPackageReference "SwiftHEXColors" */;
			productName = SwiftHEXColors;
		};
		264CECE3293D05800095EA32 /* Alamofire */ = {
			isa = XCSwiftPackageProductDependency;
			package = 264CECE2293D05800095EA32 /* XCRemoteSwiftPackageReference "Alamofire" */;
			productName = Alamofire;
		};
		26E97336294E115100FDFD9B /* Mocker */ = {
			isa = XCSwiftPackageProductDependency;
			package = 26E97335294E115100FDFD9B /* XCRemoteSwiftPackageReference "Mocker" */;
			productName = Mocker;
		};
/* End XCSwiftPackageProductDependency section */
	};
	rootObject = 265993E82939127F005149BF /* Project object */;
}
