// !$*UTF8*$!
{
	archiveVersion = 1;
	classes = {
	};
	objectVersion = 56;
	objects = {

/* Begin PBXBuildFile section */
		264CECDE293B754A0095EA32 /* SwiftHEXColors in Frameworks */ = {isa = PBXBuildFile; productRef = 264CECDD293B754A0095EA32 /* SwiftHEXColors */; };
		264CECE1293CF1780095EA32 /* NetworkService.swift in Sources */ = {isa = PBXBuildFile; fileRef = 264CECE0293CF1780095EA32 /* NetworkService.swift */; };
		264CECE4293D05800095EA32 /* Alamofire in Frameworks */ = {isa = PBXBuildFile; productRef = 264CECE3293D05800095EA32 /* Alamofire */; };
		264CECE6293D06710095EA32 /* DataRequest.swift in Sources */ = {isa = PBXBuildFile; fileRef = 264CECE5293D06710095EA32 /* DataRequest.swift */; };
		265993F42939127F005149BF /* AppDelegate.swift in Sources */ = {isa = PBXBuildFile; fileRef = 265993F32939127F005149BF /* AppDelegate.swift */; };
		265993F62939127F005149BF /* SceneDelegate.swift in Sources */ = {isa = PBXBuildFile; fileRef = 265993F52939127F005149BF /* SceneDelegate.swift */; };
		265993F82939127F005149BF /* MoviesViewController.swift in Sources */ = {isa = PBXBuildFile; fileRef = 265993F72939127F005149BF /* MoviesViewController.swift */; };
		265993FB2939127F005149BF /* Main.storyboard in Resources */ = {isa = PBXBuildFile; fileRef = 265993F92939127F005149BF /* Main.storyboard */; };
		265993FD29391281005149BF /* Assets.xcassets in Resources */ = {isa = PBXBuildFile; fileRef = 265993FC29391281005149BF /* Assets.xcassets */; };
		2659940029391281005149BF /* LaunchScreen.storyboard in Resources */ = {isa = PBXBuildFile; fileRef = 265993FE29391281005149BF /* LaunchScreen.storyboard */; };
		2659940C2939345B005149BF /* AppCoordinator.swift in Sources */ = {isa = PBXBuildFile; fileRef = 2659940B2939345B005149BF /* AppCoordinator.swift */; };
		2659940E29393633005149BF /* Coordinator.swift in Sources */ = {isa = PBXBuildFile; fileRef = 2659940D29393633005149BF /* Coordinator.swift */; };
		2659941029394478005149BF /* MoviesCoordinator.swift in Sources */ = {isa = PBXBuildFile; fileRef = 2659940F29394478005149BF /* MoviesCoordinator.swift */; };
		26599412293944A2005149BF /* ShowsCoordinator.swift in Sources */ = {isa = PBXBuildFile; fileRef = 26599411293944A2005149BF /* ShowsCoordinator.swift */; };
		2659941429394BA7005149BF /* TabBarController.swift in Sources */ = {isa = PBXBuildFile; fileRef = 2659941329394BA7005149BF /* TabBarController.swift */; };
		26599417293A86AA005149BF /* UIViewController.swift in Sources */ = {isa = PBXBuildFile; fileRef = 26599416293A86AA005149BF /* UIViewController.swift */; };
		26599419293A87AB005149BF /* ShowsViewController.swift in Sources */ = {isa = PBXBuildFile; fileRef = 26599418293A87AB005149BF /* ShowsViewController.swift */; };
/* End PBXBuildFile section */

/* Begin PBXFileReference section */
		264CECE0293CF1780095EA32 /* NetworkService.swift */ = {isa = PBXFileReference; lastKnownFileType = sourcecode.swift; path = NetworkService.swift; sourceTree = "<group>"; };
		264CECE5293D06710095EA32 /* DataRequest.swift */ = {isa = PBXFileReference; lastKnownFileType = sourcecode.swift; path = DataRequest.swift; sourceTree = "<group>"; };
		265993F02939127F005149BF /* Movies.app */ = {isa = PBXFileReference; explicitFileType = wrapper.application; includeInIndex = 0; path = Movies.app; sourceTree = BUILT_PRODUCTS_DIR; };
		265993F32939127F005149BF /* AppDelegate.swift */ = {isa = PBXFileReference; lastKnownFileType = sourcecode.swift; path = AppDelegate.swift; sourceTree = "<group>"; };
		265993F52939127F005149BF /* SceneDelegate.swift */ = {isa = PBXFileReference; lastKnownFileType = sourcecode.swift; path = SceneDelegate.swift; sourceTree = "<group>"; };
		265993F72939127F005149BF /* MoviesViewController.swift */ = {isa = PBXFileReference; lastKnownFileType = sourcecode.swift; path = MoviesViewController.swift; sourceTree = "<group>"; };
		265993FA2939127F005149BF /* Base */ = {isa = PBXFileReference; lastKnownFileType = file.storyboard; name = Base; path = Base.lproj/Main.storyboard; sourceTree = "<group>"; };
		265993FC29391281005149BF /* Assets.xcassets */ = {isa = PBXFileReference; lastKnownFileType = folder.assetcatalog; path = Assets.xcassets; sourceTree = "<group>"; };
		265993FF29391281005149BF /* Base */ = {isa = PBXFileReference; lastKnownFileType = file.storyboard; name = Base; path = Base.lproj/LaunchScreen.storyboard; sourceTree = "<group>"; };
		2659940129391281005149BF /* Info.plist */ = {isa = PBXFileReference; lastKnownFileType = text.plist.xml; path = Info.plist; sourceTree = "<group>"; };
		2659940B2939345B005149BF /* AppCoordinator.swift */ = {isa = PBXFileReference; lastKnownFileType = sourcecode.swift; path = AppCoordinator.swift; sourceTree = "<group>"; };
		2659940D29393633005149BF /* Coordinator.swift */ = {isa = PBXFileReference; lastKnownFileType = sourcecode.swift; path = Coordinator.swift; sourceTree = "<group>"; };
		2659940F29394478005149BF /* MoviesCoordinator.swift */ = {isa = PBXFileReference; lastKnownFileType = sourcecode.swift; path = MoviesCoordinator.swift; sourceTree = "<group>"; };
		26599411293944A2005149BF /* ShowsCoordinator.swift */ = {isa = PBXFileReference; lastKnownFileType = sourcecode.swift; path = ShowsCoordinator.swift; sourceTree = "<group>"; };
		2659941329394BA7005149BF /* TabBarController.swift */ = {isa = PBXFileReference; lastKnownFileType = sourcecode.swift; path = TabBarController.swift; sourceTree = "<group>"; };
		26599416293A86AA005149BF /* UIViewController.swift */ = {isa = PBXFileReference; lastKnownFileType = sourcecode.swift; path = UIViewController.swift; sourceTree = "<group>"; };
		26599418293A87AB005149BF /* ShowsViewController.swift */ = {isa = PBXFileReference; lastKnownFileType = sourcecode.swift; path = ShowsViewController.swift; sourceTree = "<group>"; };
/* End PBXFileReference section */

/* Begin PBXFrameworksBuildPhase section */
		265993ED2939127F005149BF /* Frameworks */ = {
			isa = PBXFrameworksBuildPhase;
			buildActionMask = 2147483647;
			files = (
				264CECDE293B754A0095EA32 /* SwiftHEXColors in Frameworks */,
				264CECE4293D05800095EA32 /* Alamofire in Frameworks */,
			);
			runOnlyForDeploymentPostprocessing = 0;
		};
/* End PBXFrameworksBuildPhase section */

/* Begin PBXGroup section */
		264CECDF293CF1520095EA32 /* NetworkService */ = {
			isa = PBXGroup;
			children = (
				264CECE0293CF1780095EA32 /* NetworkService.swift */,
				264CECE5293D06710095EA32 /* DataRequest.swift */,
			);
			path = NetworkService;
			sourceTree = "<group>";
		};
		265993E72939127F005149BF = {
			isa = PBXGroup;
			children = (
				265993F22939127F005149BF /* Movies */,
				265993F12939127F005149BF /* Products */,
			);
			sourceTree = "<group>";
		};
		265993F12939127F005149BF /* Products */ = {
			isa = PBXGroup;
			children = (
				265993F02939127F005149BF /* Movies.app */,
			);
			name = Products;
			sourceTree = "<group>";
		};
		265993F22939127F005149BF /* Movies */ = {
			isa = PBXGroup;
			children = (
				265994082939147B005149BF /* SupportingFiles */,
				2659940A293933B6005149BF /* Coordinators */,
				2659940729391418005149BF /* ViewControllers */,
				264CECDF293CF1520095EA32 /* NetworkService */,
				26599415293A8693005149BF /* Extensions */,
			);
			path = Movies;
			sourceTree = "<group>";
		};
		2659940729391418005149BF /* ViewControllers */ = {
			isa = PBXGroup;
			children = (
				2659941329394BA7005149BF /* TabBarController.swift */,
				265993F72939127F005149BF /* MoviesViewController.swift */,
				26599418293A87AB005149BF /* ShowsViewController.swift */,
			);
			path = ViewControllers;
			sourceTree = "<group>";
		};
		265994082939147B005149BF /* SupportingFiles */ = {
			isa = PBXGroup;
			children = (
				2659940929391488005149BF /* Storyboards */,
				265993F32939127F005149BF /* AppDelegate.swift */,
				265993F52939127F005149BF /* SceneDelegate.swift */,
				265993FC29391281005149BF /* Assets.xcassets */,
				2659940129391281005149BF /* Info.plist */,
			);
			path = SupportingFiles;
			sourceTree = "<group>";
		};
		2659940929391488005149BF /* Storyboards */ = {
			isa = PBXGroup;
			children = (
				265993F92939127F005149BF /* Main.storyboard */,
				265993FE29391281005149BF /* LaunchScreen.storyboard */,
			);
			path = Storyboards;
			sourceTree = "<group>";
		};
		2659940A293933B6005149BF /* Coordinators */ = {
			isa = PBXGroup;
			children = (
				2659940D29393633005149BF /* Coordinator.swift */,
				2659940B2939345B005149BF /* AppCoordinator.swift */,
				2659940F29394478005149BF /* MoviesCoordinator.swift */,
				26599411293944A2005149BF /* ShowsCoordinator.swift */,
			);
			path = Coordinators;
			sourceTree = "<group>";
		};
		26599415293A8693005149BF /* Extensions */ = {
			isa = PBXGroup;
			children = (
				26599416293A86AA005149BF /* UIViewController.swift */,
			);
			path = Extensions;
			sourceTree = "<group>";
		};
/* End PBXGroup section */

/* Begin PBXNativeTarget section */
		265993EF2939127F005149BF /* Movies */ = {
			isa = PBXNativeTarget;
			buildConfigurationList = 2659940429391281005149BF /* Build configuration list for PBXNativeTarget "Movies" */;
			buildPhases = (
				265993EC2939127F005149BF /* Sources */,
				265993ED2939127F005149BF /* Frameworks */,
				265993EE2939127F005149BF /* Resources */,
			);
			buildRules = (
			);
			dependencies = (
			);
			name = Movies;
			packageProductDependencies = (
				264CECDD293B754A0095EA32 /* SwiftHEXColors */,
				264CECE3293D05800095EA32 /* Alamofire */,
			);
			productName = Movies;
			productReference = 265993F02939127F005149BF /* Movies.app */;
			productType = "com.apple.product-type.application";
		};
/* End PBXNativeTarget section */

/* Begin PBXProject section */
		265993E82939127F005149BF /* Project object */ = {
			isa = PBXProject;
			attributes = {
				BuildIndependentTargetsInParallel = 1;
				LastSwiftUpdateCheck = 1400;
				LastUpgradeCheck = 1400;
				TargetAttributes = {
					265993EF2939127F005149BF = {
						CreatedOnToolsVersion = 14.0;
					};
				};
			};
			buildConfigurationList = 265993EB2939127F005149BF /* Build configuration list for PBXProject "Movies" */;
			compatibilityVersion = "Xcode 14.0";
			developmentRegion = en;
			hasScannedForEncodings = 0;
			knownRegions = (
				en,
				Base,
			);
			mainGroup = 265993E72939127F005149BF;
			packageReferences = (
				264CECDC293B75490095EA32 /* XCRemoteSwiftPackageReference "SwiftHEXColors" */,
				264CECE2293D05800095EA32 /* XCRemoteSwiftPackageReference "Alamofire" */,
			);
			productRefGroup = 265993F12939127F005149BF /* Products */;
			projectDirPath = "";
			projectRoot = "";
			targets = (
				265993EF2939127F005149BF /* Movies */,
			);
		};
/* End PBXProject section */

/* Begin PBXResourcesBuildPhase section */
		265993EE2939127F005149BF /* Resources */ = {
			isa = PBXResourcesBuildPhase;
			buildActionMask = 2147483647;
			files = (
				2659940029391281005149BF /* LaunchScreen.storyboard in Resources */,
				265993FD29391281005149BF /* Assets.xcassets in Resources */,
				265993FB2939127F005149BF /* Main.storyboard in Resources */,
			);
			runOnlyForDeploymentPostprocessing = 0;
		};
/* End PBXResourcesBuildPhase section */

/* Begin PBXSourcesBuildPhase section */
		265993EC2939127F005149BF /* Sources */ = {
			isa = PBXSourcesBuildPhase;
			buildActionMask = 2147483647;
			files = (
				264CECE1293CF1780095EA32 /* NetworkService.swift in Sources */,
				2659940C2939345B005149BF /* AppCoordinator.swift in Sources */,
				26599419293A87AB005149BF /* ShowsViewController.swift in Sources */,
				264CECE6293D06710095EA32 /* DataRequest.swift in Sources */,
				2659941429394BA7005149BF /* TabBarController.swift in Sources */,
				26599417293A86AA005149BF /* UIViewController.swift in Sources */,
				265993F82939127F005149BF /* MoviesViewController.swift in Sources */,
				2659940E29393633005149BF /* Coordinator.swift in Sources */,
				2659941029394478005149BF /* MoviesCoordinator.swift in Sources */,
				265993F42939127F005149BF /* AppDelegate.swift in Sources */,
				26599412293944A2005149BF /* ShowsCoordinator.swift in Sources */,
				265993F62939127F005149BF /* SceneDelegate.swift in Sources */,
			);
			runOnlyForDeploymentPostprocessing = 0;
		};
/* End PBXSourcesBuildPhase section */

/* Begin PBXVariantGroup section */
		265993F92939127F005149BF /* Main.storyboard */ = {
			isa = PBXVariantGroup;
			children = (
				265993FA2939127F005149BF /* Base */,
			);
			name = Main.storyboard;
			sourceTree = "<group>";
		};
		265993FE29391281005149BF /* LaunchScreen.storyboard */ = {
			isa = PBXVariantGroup;
			children = (
				265993FF29391281005149BF /* Base */,
			);
			name = LaunchScreen.storyboard;
			sourceTree = "<group>";
		};
/* End PBXVariantGroup section */

/* Begin XCBuildConfiguration section */
		2659940229391281005149BF /* Debug */ = {
			isa = XCBuildConfiguration;
			buildSettings = {
				ALWAYS_SEARCH_USER_PATHS = NO;
				CLANG_ANALYZER_NONNULL = YES;
				CLANG_ANALYZER_NUMBER_OBJECT_CONVERSION = YES_AGGRESSIVE;
				CLANG_CXX_LANGUAGE_STANDARD = "gnu++20";
				CLANG_ENABLE_MODULES = YES;
				CLANG_ENABLE_OBJC_ARC = YES;
				CLANG_ENABLE_OBJC_WEAK = YES;
				CLANG_WARN_BLOCK_CAPTURE_AUTORELEASING = YES;
				CLANG_WARN_BOOL_CONVERSION = YES;
				CLANG_WARN_COMMA = YES;
				CLANG_WARN_CONSTANT_CONVERSION = YES;
				CLANG_WARN_DEPRECATED_OBJC_IMPLEMENTATIONS = YES;
				CLANG_WARN_DIRECT_OBJC_ISA_USAGE = YES_ERROR;
				CLANG_WARN_DOCUMENTATION_COMMENTS = YES;
				CLANG_WARN_EMPTY_BODY = YES;
				CLANG_WARN_ENUM_CONVERSION = YES;
				CLANG_WARN_INFINITE_RECURSION = YES;
				CLANG_WARN_INT_CONVERSION = YES;
				CLANG_WARN_NON_LITERAL_NULL_CONVERSION = YES;
				CLANG_WARN_OBJC_IMPLICIT_RETAIN_SELF = YES;
				CLANG_WARN_OBJC_LITERAL_CONVERSION = YES;
				CLANG_WARN_OBJC_ROOT_CLASS = YES_ERROR;
				CLANG_WARN_QUOTED_INCLUDE_IN_FRAMEWORK_HEADER = YES;
				CLANG_WARN_RANGE_LOOP_ANALYSIS = YES;
				CLANG_WARN_STRICT_PROTOTYPES = YES;
				CLANG_WARN_SUSPICIOUS_MOVE = YES;
				CLANG_WARN_UNGUARDED_AVAILABILITY = YES_AGGRESSIVE;
				CLANG_WARN_UNREACHABLE_CODE = YES;
				CLANG_WARN__DUPLICATE_METHOD_MATCH = YES;
				COPY_PHASE_STRIP = NO;
				DEBUG_INFORMATION_FORMAT = dwarf;
				ENABLE_STRICT_OBJC_MSGSEND = YES;
				ENABLE_TESTABILITY = YES;
				GCC_C_LANGUAGE_STANDARD = gnu11;
				GCC_DYNAMIC_NO_PIC = NO;
				GCC_NO_COMMON_BLOCKS = YES;
				GCC_OPTIMIZATION_LEVEL = 0;
				GCC_PREPROCESSOR_DEFINITIONS = (
					"DEBUG=1",
					"$(inherited)",
				);
				GCC_WARN_64_TO_32_BIT_CONVERSION = YES;
				GCC_WARN_ABOUT_RETURN_TYPE = YES_ERROR;
				GCC_WARN_UNDECLARED_SELECTOR = YES;
				GCC_WARN_UNINITIALIZED_AUTOS = YES_AGGRESSIVE;
				GCC_WARN_UNUSED_FUNCTION = YES;
				GCC_WARN_UNUSED_VARIABLE = YES;
				IPHONEOS_DEPLOYMENT_TARGET = 16.0;
				MTL_ENABLE_DEBUG_INFO = INCLUDE_SOURCE;
				MTL_FAST_MATH = YES;
				ONLY_ACTIVE_ARCH = YES;
				SDKROOT = iphoneos;
				SWIFT_ACTIVE_COMPILATION_CONDITIONS = DEBUG;
				SWIFT_OPTIMIZATION_LEVEL = "-Onone";
			};
			name = Debug;
		};
		2659940329391281005149BF /* Release */ = {
			isa = XCBuildConfiguration;
			buildSettings = {
				ALWAYS_SEARCH_USER_PATHS = NO;
				CLANG_ANALYZER_NONNULL = YES;
				CLANG_ANALYZER_NUMBER_OBJECT_CONVERSION = YES_AGGRESSIVE;
				CLANG_CXX_LANGUAGE_STANDARD = "gnu++20";
				CLANG_ENABLE_MODULES = YES;
				CLANG_ENABLE_OBJC_ARC = YES;
				CLANG_ENABLE_OBJC_WEAK = YES;
				CLANG_WARN_BLOCK_CAPTURE_AUTORELEASING = YES;
				CLANG_WARN_BOOL_CONVERSION = YES;
				CLANG_WARN_COMMA = YES;
				CLANG_WARN_CONSTANT_CONVERSION = YES;
				CLANG_WARN_DEPRECATED_OBJC_IMPLEMENTATIONS = YES;
				CLANG_WARN_DIRECT_OBJC_ISA_USAGE = YES_ERROR;
				CLANG_WARN_DOCUMENTATION_COMMENTS = YES;
				CLANG_WARN_EMPTY_BODY = YES;
				CLANG_WARN_ENUM_CONVERSION = YES;
				CLANG_WARN_INFINITE_RECURSION = YES;
				CLANG_WARN_INT_CONVERSION = YES;
				CLANG_WARN_NON_LITERAL_NULL_CONVERSION = YES;
				CLANG_WARN_OBJC_IMPLICIT_RETAIN_SELF = YES;
				CLANG_WARN_OBJC_LITERAL_CONVERSION = YES;
				CLANG_WARN_OBJC_ROOT_CLASS = YES_ERROR;
				CLANG_WARN_QUOTED_INCLUDE_IN_FRAMEWORK_HEADER = YES;
				CLANG_WARN_RANGE_LOOP_ANALYSIS = YES;
				CLANG_WARN_STRICT_PROTOTYPES = YES;
				CLANG_WARN_SUSPICIOUS_MOVE = YES;
				CLANG_WARN_UNGUARDED_AVAILABILITY = YES_AGGRESSIVE;
				CLANG_WARN_UNREACHABLE_CODE = YES;
				CLANG_WARN__DUPLICATE_METHOD_MATCH = YES;
				COPY_PHASE_STRIP = NO;
				DEBUG_INFORMATION_FORMAT = "dwarf-with-dsym";
				ENABLE_NS_ASSERTIONS = NO;
				ENABLE_STRICT_OBJC_MSGSEND = YES;
				GCC_C_LANGUAGE_STANDARD = gnu11;
				GCC_NO_COMMON_BLOCKS = YES;
				GCC_WARN_64_TO_32_BIT_CONVERSION = YES;
				GCC_WARN_ABOUT_RETURN_TYPE = YES_ERROR;
				GCC_WARN_UNDECLARED_SELECTOR = YES;
				GCC_WARN_UNINITIALIZED_AUTOS = YES_AGGRESSIVE;
				GCC_WARN_UNUSED_FUNCTION = YES;
				GCC_WARN_UNUSED_VARIABLE = YES;
				IPHONEOS_DEPLOYMENT_TARGET = 16.0;
				MTL_ENABLE_DEBUG_INFO = NO;
				MTL_FAST_MATH = YES;
				SDKROOT = iphoneos;
				SWIFT_COMPILATION_MODE = wholemodule;
				SWIFT_OPTIMIZATION_LEVEL = "-O";
				VALIDATE_PRODUCT = YES;
			};
			name = Release;
		};
		2659940529391281005149BF /* Debug */ = {
			isa = XCBuildConfiguration;
			buildSettings = {
				ASSETCATALOG_COMPILER_APPICON_NAME = AppIcon;
				ASSETCATALOG_COMPILER_GLOBAL_ACCENT_COLOR_NAME = AccentColor;
				CODE_SIGN_STYLE = Automatic;
				CURRENT_PROJECT_VERSION = 1;
				DEVELOPMENT_TEAM = 5KXS5M32KB;
				GENERATE_INFOPLIST_FILE = YES;
				INFOPLIST_FILE = Movies/SupportingFiles/Info.plist;
				INFOPLIST_KEY_UIApplicationSupportsIndirectInputEvents = YES;
				INFOPLIST_KEY_UILaunchStoryboardName = LaunchScreen;
				INFOPLIST_KEY_UIMainStoryboardFile = Main;
				INFOPLIST_KEY_UISupportedInterfaceOrientations = UIInterfaceOrientationPortrait;
				INFOPLIST_KEY_UISupportedInterfaceOrientations_iPad = "UIInterfaceOrientationLandscapeLeft UIInterfaceOrientationLandscapeRight UIInterfaceOrientationPortrait UIInterfaceOrientationPortraitUpsideDown";
				LD_RUNPATH_SEARCH_PATHS = (
					"$(inherited)",
					"@executable_path/Frameworks",
				);
				MARKETING_VERSION = 1.0;
				PRODUCT_BUNDLE_IDENTIFIER = Hayrapetyan.Movies;
				PRODUCT_NAME = "$(TARGET_NAME)";
				SUPPORTED_PLATFORMS = "iphoneos iphonesimulator";
				SUPPORTS_MACCATALYST = NO;
				SUPPORTS_MAC_DESIGNED_FOR_IPHONE_IPAD = NO;
				SWIFT_EMIT_LOC_STRINGS = YES;
				SWIFT_VERSION = 5.0;
				TARGETED_DEVICE_FAMILY = 1;
			};
			name = Debug;
		};
		2659940629391281005149BF /* Release */ = {
			isa = XCBuildConfiguration;
			buildSettings = {
				ASSETCATALOG_COMPILER_APPICON_NAME = AppIcon;
				ASSETCATALOG_COMPILER_GLOBAL_ACCENT_COLOR_NAME = AccentColor;
				CODE_SIGN_STYLE = Automatic;
				CURRENT_PROJECT_VERSION = 1;
				DEVELOPMENT_TEAM = 5KXS5M32KB;
				GENERATE_INFOPLIST_FILE = YES;
				INFOPLIST_FILE = Movies/SupportingFiles/Info.plist;
				INFOPLIST_KEY_UIApplicationSupportsIndirectInputEvents = YES;
				INFOPLIST_KEY_UILaunchStoryboardName = LaunchScreen;
				INFOPLIST_KEY_UIMainStoryboardFile = Main;
				INFOPLIST_KEY_UISupportedInterfaceOrientations = UIInterfaceOrientationPortrait;
				INFOPLIST_KEY_UISupportedInterfaceOrientations_iPad = "UIInterfaceOrientationLandscapeLeft UIInterfaceOrientationLandscapeRight UIInterfaceOrientationPortrait UIInterfaceOrientationPortraitUpsideDown";
				LD_RUNPATH_SEARCH_PATHS = (
					"$(inherited)",
					"@executable_path/Frameworks",
				);
				MARKETING_VERSION = 1.0;
				PRODUCT_BUNDLE_IDENTIFIER = Hayrapetyan.Movies;
				PRODUCT_NAME = "$(TARGET_NAME)";
				SUPPORTED_PLATFORMS = "iphoneos iphonesimulator";
				SUPPORTS_MACCATALYST = NO;
				SUPPORTS_MAC_DESIGNED_FOR_IPHONE_IPAD = NO;
				SWIFT_EMIT_LOC_STRINGS = YES;
				SWIFT_VERSION = 5.0;
				TARGETED_DEVICE_FAMILY = 1;
			};
			name = Release;
		};
/* End XCBuildConfiguration section */

/* Begin XCConfigurationList section */
		265993EB2939127F005149BF /* Build configuration list for PBXProject "Movies" */ = {
			isa = XCConfigurationList;
			buildConfigurations = (
				2659940229391281005149BF /* Debug */,
				2659940329391281005149BF /* Release */,
			);
			defaultConfigurationIsVisible = 0;
			defaultConfigurationName = Release;
		};
		2659940429391281005149BF /* Build configuration list for PBXNativeTarget "Movies" */ = {
			isa = XCConfigurationList;
			buildConfigurations = (
				2659940529391281005149BF /* Debug */,
				2659940629391281005149BF /* Release */,
			);
			defaultConfigurationIsVisible = 0;
			defaultConfigurationName = Release;
		};
/* End XCConfigurationList section */

/* Begin XCRemoteSwiftPackageReference section */
		264CECDC293B75490095EA32 /* XCRemoteSwiftPackageReference "SwiftHEXColors" */ = {
			isa = XCRemoteSwiftPackageReference;
			repositoryURL = "https://github.com/thii/SwiftHEXColors.git";
			requirement = {
				kind = upToNextMajorVersion;
				minimumVersion = 1.0.0;
			};
		};
		264CECE2293D05800095EA32 /* XCRemoteSwiftPackageReference "Alamofire" */ = {
			isa = XCRemoteSwiftPackageReference;
			repositoryURL = "https://github.com/Alamofire/Alamofire.git";
			requirement = {
				kind = upToNextMajorVersion;
				minimumVersion = 5.0.0;
			};
		};
/* End XCRemoteSwiftPackageReference section */

/* Begin XCSwiftPackageProductDependency section */
		264CECDD293B754A0095EA32 /* SwiftHEXColors */ = {
			isa = XCSwiftPackageProductDependency;
			package = 264CECDC293B75490095EA32 /* XCRemoteSwiftPackageReference "SwiftHEXColors" */;
			productName = SwiftHEXColors;
		};
		264CECE3293D05800095EA32 /* Alamofire */ = {
			isa = XCSwiftPackageProductDependency;
			package = 264CECE2293D05800095EA32 /* XCRemoteSwiftPackageReference "Alamofire" */;
			productName = Alamofire;
		};
/* End XCSwiftPackageProductDependency section */
	};
	rootObject = 265993E82939127F005149BF /* Project object */;
}
